
Microsoft Visual Studio Solution File, Format Version 12.00
# Visual Studio Version 16
VisualStudioVersion = 16.0.30413.136
MinimumVisualStudioVersion = 10.0.40219.1
Project("{FAE04EC0-301F-11D3-BF4B-00C04F79EFBC}") = "Funkcje", "Funkcje\Funkcje.csproj", "{D21D81B0-8E90-45F1-8245-66F0E024842C}"
EndProject
Global
	GlobalSection(SolutionConfigurationPlatforms) = preSolution
		Debug|Any CPU = Debug|Any CPU
		Release|Any CPU = Release|Any CPU
	EndGlobalSection
	GlobalSection(ProjectConfigurationPlatforms) = postSolution
		{D21D81B0-8E90-45F1-8245-66F0E024842C}.Debug|Any CPU.ActiveCfg = Debug|Any CPU
		{D21D81B0-8E90-45F1-8245-66F0E024842C}.Debug|Any CPU.Build.0 = Debug|Any CPU
		{D21D81B0-8E90-45F1-8245-66F0E024842C}.Release|Any CPU.ActiveCfg = Release|Any CPU
		{D21D81B0-8E90-45F1-8245-66F0E024842C}.Release|Any CPU.Build.0 = Release|Any CPU
	EndGlobalSection
	GlobalSection(SolutionProperties) = preSolution
		HideSolutionNode = FALSE
	EndGlobalSection
	GlobalSection(ExtensibilityGlobals) = postSolution
		SolutionGuid = {5536807E-E3AC-4DB9-B2F5-6C8A645E58A6}
	EndGlobalSection
EndGlobal
